// !$*UTF8*$!
{
	archiveVersion = 1;
	classes = {
	};
	objectVersion = 50;
	objects = {

/* Begin PBXBuildFile section */
		128B94A62E25994D30641DF3 /* Pods_RealmPracticeTests.framework in Frameworks */ = {isa = PBXBuildFile; fileRef = 37B3B3B8AD3F254B725DE56C /* Pods_RealmPracticeTests.framework */; };
		6FBDB3E95F748B8DA9998477 /* Pods_RealmPracticeUITests.framework in Frameworks */ = {isa = PBXBuildFile; fileRef = C26C419A0EE0AFAC7FF67BF2 /* Pods_RealmPracticeUITests.framework */; };
		B1B93FC6FC10556FEADB5B13 /* Pods_RealmPractice.framework in Frameworks */ = {isa = PBXBuildFile; fileRef = C5F2A6FBFA0805A15FC2C539 /* Pods_RealmPractice.framework */; };
		C122342A217F043A00649359 /* CustomMemo.swift in Sources */ = {isa = PBXBuildFile; fileRef = C1223429217F043A00649359 /* CustomMemo.swift */; };
		C16160E5218C7C8500DD6A22 /* CustomMemoListViewController.swift in Sources */ = {isa = PBXBuildFile; fileRef = C16160E4218C7C8500DD6A22 /* CustomMemoListViewController.swift */; };
		C16160E8218C7E4600DD6A22 /* CustomMemoTableViewCell.swift in Sources */ = {isa = PBXBuildFile; fileRef = C16160E6218C7E4600DD6A22 /* CustomMemoTableViewCell.swift */; };
		C16160E9218C7E4600DD6A22 /* CustomMemoTableViewCell.xib in Resources */ = {isa = PBXBuildFile; fileRef = C16160E7218C7E4600DD6A22 /* CustomMemoTableViewCell.xib */; };
		C1A871BF217C67B0006B6E94 /* AppDelegate.swift in Sources */ = {isa = PBXBuildFile; fileRef = C1A871BE217C67B0006B6E94 /* AppDelegate.swift */; };
		C1A871C1217C67B0006B6E94 /* ViewController.swift in Sources */ = {isa = PBXBuildFile; fileRef = C1A871C0217C67B0006B6E94 /* ViewController.swift */; };
		C1A871C4217C67B0006B6E94 /* Main.storyboard in Resources */ = {isa = PBXBuildFile; fileRef = C1A871C2217C67B0006B6E94 /* Main.storyboard */; };
		C1A871C6217C67B1006B6E94 /* Assets.xcassets in Resources */ = {isa = PBXBuildFile; fileRef = C1A871C5217C67B1006B6E94 /* Assets.xcassets */; };
		C1A871C9217C67B1006B6E94 /* LaunchScreen.storyboard in Resources */ = {isa = PBXBuildFile; fileRef = C1A871C7217C67B1006B6E94 /* LaunchScreen.storyboard */; };
		C1A871D4217C67B1006B6E94 /* RealmPracticeTests.swift in Sources */ = {isa = PBXBuildFile; fileRef = C1A871D3217C67B1006B6E94 /* RealmPracticeTests.swift */; };
		C1A871DF217C67B1006B6E94 /* RealmPracticeUITests.swift in Sources */ = {isa = PBXBuildFile; fileRef = C1A871DE217C67B1006B6E94 /* RealmPracticeUITests.swift */; };
		C1A871EF217C713D006B6E94 /* AddMemoViewController.swift in Sources */ = {isa = PBXBuildFile; fileRef = C1A871EE217C713D006B6E94 /* AddMemoViewController.swift */; };
		C1A871F3217C7528006B6E94 /* SingleMemo.swift in Sources */ = {isa = PBXBuildFile; fileRef = C1A871F2217C7528006B6E94 /* SingleMemo.swift */; };
/* End PBXBuildFile section */

/* Begin PBXContainerItemProxy section */
		C1A871D0217C67B1006B6E94 /* PBXContainerItemProxy */ = {
			isa = PBXContainerItemProxy;
			containerPortal = C1A871B3217C67AF006B6E94 /* Project object */;
			proxyType = 1;
			remoteGlobalIDString = C1A871BA217C67B0006B6E94;
			remoteInfo = RealmPractice;
		};
		C1A871DB217C67B1006B6E94 /* PBXContainerItemProxy */ = {
			isa = PBXContainerItemProxy;
			containerPortal = C1A871B3217C67AF006B6E94 /* Project object */;
			proxyType = 1;
			remoteGlobalIDString = C1A871BA217C67B0006B6E94;
			remoteInfo = RealmPractice;
		};
/* End PBXContainerItemProxy section */

/* Begin PBXFileReference section */
		37B3B3B8AD3F254B725DE56C /* Pods_RealmPracticeTests.framework */ = {isa = PBXFileReference; explicitFileType = wrapper.framework; includeInIndex = 0; path = Pods_RealmPracticeTests.framework; sourceTree = BUILT_PRODUCTS_DIR; };
		465ADCEC7267D11490C3FB4F /* Pods-RealmPracticeTests.debug.xcconfig */ = {isa = PBXFileReference; includeInIndex = 1; lastKnownFileType = text.xcconfig; name = "Pods-RealmPracticeTests.debug.xcconfig"; path = "Pods/Target Support Files/Pods-RealmPracticeTests/Pods-RealmPracticeTests.debug.xcconfig"; sourceTree = "<group>"; };
		538C332976BB4CBE6EBFA3CD /* Pods-RealmPracticeUITests.release.xcconfig */ = {isa = PBXFileReference; includeInIndex = 1; lastKnownFileType = text.xcconfig; name = "Pods-RealmPracticeUITests.release.xcconfig"; path = "Pods/Target Support Files/Pods-RealmPracticeUITests/Pods-RealmPracticeUITests.release.xcconfig"; sourceTree = "<group>"; };
		6B3AFC3917D3635EC05AF2F1 /* Pods-RealmPractice.release.xcconfig */ = {isa = PBXFileReference; includeInIndex = 1; lastKnownFileType = text.xcconfig; name = "Pods-RealmPractice.release.xcconfig"; path = "Pods/Target Support Files/Pods-RealmPractice/Pods-RealmPractice.release.xcconfig"; sourceTree = "<group>"; };
		92B7B337D420275222212C22 /* Pods-RealmPracticeTests.release.xcconfig */ = {isa = PBXFileReference; includeInIndex = 1; lastKnownFileType = text.xcconfig; name = "Pods-RealmPracticeTests.release.xcconfig"; path = "Pods/Target Support Files/Pods-RealmPracticeTests/Pods-RealmPracticeTests.release.xcconfig"; sourceTree = "<group>"; };
		9712B5A8AF82BD6887737037 /* Pods-RealmPracticeUITests.debug.xcconfig */ = {isa = PBXFileReference; includeInIndex = 1; lastKnownFileType = text.xcconfig; name = "Pods-RealmPracticeUITests.debug.xcconfig"; path = "Pods/Target Support Files/Pods-RealmPracticeUITests/Pods-RealmPracticeUITests.debug.xcconfig"; sourceTree = "<group>"; };
		C1223429217F043A00649359 /* CustomMemo.swift */ = {isa = PBXFileReference; lastKnownFileType = sourcecode.swift; path = CustomMemo.swift; sourceTree = "<group>"; };
		C16160E4218C7C8500DD6A22 /* CustomMemoListViewController.swift */ = {isa = PBXFileReference; lastKnownFileType = sourcecode.swift; path = CustomMemoListViewController.swift; sourceTree = "<group>"; };
		C16160E6218C7E4600DD6A22 /* CustomMemoTableViewCell.swift */ = {isa = PBXFileReference; lastKnownFileType = sourcecode.swift; path = CustomMemoTableViewCell.swift; sourceTree = "<group>"; };
		C16160E7218C7E4600DD6A22 /* CustomMemoTableViewCell.xib */ = {isa = PBXFileReference; lastKnownFileType = file.xib; path = CustomMemoTableViewCell.xib; sourceTree = "<group>"; };
		C1A871BB217C67B0006B6E94 /* RealmPractice.app */ = {isa = PBXFileReference; explicitFileType = wrapper.application; includeInIndex = 0; path = RealmPractice.app; sourceTree = BUILT_PRODUCTS_DIR; };
		C1A871BE217C67B0006B6E94 /* AppDelegate.swift */ = {isa = PBXFileReference; lastKnownFileType = sourcecode.swift; path = AppDelegate.swift; sourceTree = "<group>"; };
		C1A871C0217C67B0006B6E94 /* ViewController.swift */ = {isa = PBXFileReference; lastKnownFileType = sourcecode.swift; path = ViewController.swift; sourceTree = "<group>"; };
		C1A871C3217C67B0006B6E94 /* Base */ = {isa = PBXFileReference; lastKnownFileType = file.storyboard; name = Base; path = Base.lproj/Main.storyboard; sourceTree = "<group>"; };
		C1A871C5217C67B1006B6E94 /* Assets.xcassets */ = {isa = PBXFileReference; lastKnownFileType = folder.assetcatalog; path = Assets.xcassets; sourceTree = "<group>"; };
		C1A871C8217C67B1006B6E94 /* Base */ = {isa = PBXFileReference; lastKnownFileType = file.storyboard; name = Base; path = Base.lproj/LaunchScreen.storyboard; sourceTree = "<group>"; };
		C1A871CA217C67B1006B6E94 /* Info.plist */ = {isa = PBXFileReference; lastKnownFileType = text.plist.xml; path = Info.plist; sourceTree = "<group>"; };
		C1A871CF217C67B1006B6E94 /* RealmPracticeTests.xctest */ = {isa = PBXFileReference; explicitFileType = wrapper.cfbundle; includeInIndex = 0; path = RealmPracticeTests.xctest; sourceTree = BUILT_PRODUCTS_DIR; };
		C1A871D3217C67B1006B6E94 /* RealmPracticeTests.swift */ = {isa = PBXFileReference; lastKnownFileType = sourcecode.swift; path = RealmPracticeTests.swift; sourceTree = "<group>"; };
		C1A871D5217C67B1006B6E94 /* Info.plist */ = {isa = PBXFileReference; lastKnownFileType = text.plist.xml; path = Info.plist; sourceTree = "<group>"; };
		C1A871DA217C67B1006B6E94 /* RealmPracticeUITests.xctest */ = {isa = PBXFileReference; explicitFileType = wrapper.cfbundle; includeInIndex = 0; path = RealmPracticeUITests.xctest; sourceTree = BUILT_PRODUCTS_DIR; };
		C1A871DE217C67B1006B6E94 /* RealmPracticeUITests.swift */ = {isa = PBXFileReference; lastKnownFileType = sourcecode.swift; path = RealmPracticeUITests.swift; sourceTree = "<group>"; };
		C1A871E0217C67B1006B6E94 /* Info.plist */ = {isa = PBXFileReference; lastKnownFileType = text.plist.xml; path = Info.plist; sourceTree = "<group>"; };
		C1A871EE217C713D006B6E94 /* AddMemoViewController.swift */ = {isa = PBXFileReference; lastKnownFileType = sourcecode.swift; path = AddMemoViewController.swift; sourceTree = "<group>"; };
		C1A871F2217C7528006B6E94 /* SingleMemo.swift */ = {isa = PBXFileReference; lastKnownFileType = sourcecode.swift; path = SingleMemo.swift; sourceTree = "<group>"; };
		C26C419A0EE0AFAC7FF67BF2 /* Pods_RealmPracticeUITests.framework */ = {isa = PBXFileReference; explicitFileType = wrapper.framework; includeInIndex = 0; path = Pods_RealmPracticeUITests.framework; sourceTree = BUILT_PRODUCTS_DIR; };
		C5F2A6FBFA0805A15FC2C539 /* Pods_RealmPractice.framework */ = {isa = PBXFileReference; explicitFileType = wrapper.framework; includeInIndex = 0; path = Pods_RealmPractice.framework; sourceTree = BUILT_PRODUCTS_DIR; };
		F863BD23A6C7CF3C0A5C9C67 /* Pods-RealmPractice.debug.xcconfig */ = {isa = PBXFileReference; includeInIndex = 1; lastKnownFileType = text.xcconfig; name = "Pods-RealmPractice.debug.xcconfig"; path = "Pods/Target Support Files/Pods-RealmPractice/Pods-RealmPractice.debug.xcconfig"; sourceTree = "<group>"; };
/* End PBXFileReference section */

/* Begin PBXFrameworksBuildPhase section */
		C1A871B8217C67B0006B6E94 /* Frameworks */ = {
			isa = PBXFrameworksBuildPhase;
			buildActionMask = 2147483647;
			files = (
				B1B93FC6FC10556FEADB5B13 /* Pods_RealmPractice.framework in Frameworks */,
			);
			runOnlyForDeploymentPostprocessing = 0;
		};
		C1A871CC217C67B1006B6E94 /* Frameworks */ = {
			isa = PBXFrameworksBuildPhase;
			buildActionMask = 2147483647;
			files = (
				128B94A62E25994D30641DF3 /* Pods_RealmPracticeTests.framework in Frameworks */,
			);
			runOnlyForDeploymentPostprocessing = 0;
		};
		C1A871D7217C67B1006B6E94 /* Frameworks */ = {
			isa = PBXFrameworksBuildPhase;
			buildActionMask = 2147483647;
			files = (
				6FBDB3E95F748B8DA9998477 /* Pods_RealmPracticeUITests.framework in Frameworks */,
			);
			runOnlyForDeploymentPostprocessing = 0;
		};
/* End PBXFrameworksBuildPhase section */

/* Begin PBXGroup section */
		13B9203436135962B8CCA279 /* Pods */ = {
			isa = PBXGroup;
			children = (
				F863BD23A6C7CF3C0A5C9C67 /* Pods-RealmPractice.debug.xcconfig */,
				6B3AFC3917D3635EC05AF2F1 /* Pods-RealmPractice.release.xcconfig */,
				465ADCEC7267D11490C3FB4F /* Pods-RealmPracticeTests.debug.xcconfig */,
				92B7B337D420275222212C22 /* Pods-RealmPracticeTests.release.xcconfig */,
				9712B5A8AF82BD6887737037 /* Pods-RealmPracticeUITests.debug.xcconfig */,
				538C332976BB4CBE6EBFA3CD /* Pods-RealmPracticeUITests.release.xcconfig */,
			);
			name = Pods;
			sourceTree = "<group>";
		};
		4E4DF357F9E833C770EA00CF /* Frameworks */ = {
			isa = PBXGroup;
			children = (
				C5F2A6FBFA0805A15FC2C539 /* Pods_RealmPractice.framework */,
				37B3B3B8AD3F254B725DE56C /* Pods_RealmPracticeTests.framework */,
				C26C419A0EE0AFAC7FF67BF2 /* Pods_RealmPracticeUITests.framework */,
			);
			name = Frameworks;
			sourceTree = "<group>";
		};
		C1A871B2217C67AF006B6E94 = {
			isa = PBXGroup;
			children = (
				C1A871BD217C67B0006B6E94 /* RealmPractice */,
				C1A871D2217C67B1006B6E94 /* RealmPracticeTests */,
				C1A871DD217C67B1006B6E94 /* RealmPracticeUITests */,
				C1A871BC217C67B0006B6E94 /* Products */,
				13B9203436135962B8CCA279 /* Pods */,
				4E4DF357F9E833C770EA00CF /* Frameworks */,
			);
			sourceTree = "<group>";
		};
		C1A871BC217C67B0006B6E94 /* Products */ = {
			isa = PBXGroup;
			children = (
				C1A871BB217C67B0006B6E94 /* RealmPractice.app */,
				C1A871CF217C67B1006B6E94 /* RealmPracticeTests.xctest */,
				C1A871DA217C67B1006B6E94 /* RealmPracticeUITests.xctest */,
			);
			name = Products;
			sourceTree = "<group>";
		};
		C1A871BD217C67B0006B6E94 /* RealmPractice */ = {
			isa = PBXGroup;
			children = (
				C1A871BE217C67B0006B6E94 /* AppDelegate.swift */,
				C1A871F2217C7528006B6E94 /* SingleMemo.swift */,
				C1223429217F043A00649359 /* CustomMemo.swift */,
				C1A871C0217C67B0006B6E94 /* ViewController.swift */,
				C1A871EE217C713D006B6E94 /* AddMemoViewController.swift */,
				C16160E4218C7C8500DD6A22 /* CustomMemoListViewController.swift */,
				C16160E6218C7E4600DD6A22 /* CustomMemoTableViewCell.swift */,
				C16160E7218C7E4600DD6A22 /* CustomMemoTableViewCell.xib */,
				C1A871C2217C67B0006B6E94 /* Main.storyboard */,
				C1A871C5217C67B1006B6E94 /* Assets.xcassets */,
				C1A871C7217C67B1006B6E94 /* LaunchScreen.storyboard */,
				C1A871CA217C67B1006B6E94 /* Info.plist */,
			);
			path = RealmPractice;
			sourceTree = "<group>";
		};
		C1A871D2217C67B1006B6E94 /* RealmPracticeTests */ = {
			isa = PBXGroup;
			children = (
				C1A871D3217C67B1006B6E94 /* RealmPracticeTests.swift */,
				C1A871D5217C67B1006B6E94 /* Info.plist */,
			);
			path = RealmPracticeTests;
			sourceTree = "<group>";
		};
		C1A871DD217C67B1006B6E94 /* RealmPracticeUITests */ = {
			isa = PBXGroup;
			children = (
				C1A871DE217C67B1006B6E94 /* RealmPracticeUITests.swift */,
				C1A871E0217C67B1006B6E94 /* Info.plist */,
			);
			path = RealmPracticeUITests;
			sourceTree = "<group>";
		};
/* End PBXGroup section */

/* Begin PBXNativeTarget section */
		C1A871BA217C67B0006B6E94 /* RealmPractice */ = {
			isa = PBXNativeTarget;
			buildConfigurationList = C1A871E3217C67B1006B6E94 /* Build configuration list for PBXNativeTarget "RealmPractice" */;
			buildPhases = (
				46B8BE55125C22FDEDAD7599 /* [CP] Check Pods Manifest.lock */,
				C1A871B7217C67B0006B6E94 /* Sources */,
				C1A871B8217C67B0006B6E94 /* Frameworks */,
				C1A871B9217C67B0006B6E94 /* Resources */,
				EB7D8D3B9AA4E5AFE176419D /* [CP] Embed Pods Frameworks */,
			);
			buildRules = (
			);
			dependencies = (
			);
			name = RealmPractice;
			productName = RealmPractice;
			productReference = C1A871BB217C67B0006B6E94 /* RealmPractice.app */;
			productType = "com.apple.product-type.application";
		};
		C1A871CE217C67B1006B6E94 /* RealmPracticeTests */ = {
			isa = PBXNativeTarget;
			buildConfigurationList = C1A871E6217C67B1006B6E94 /* Build configuration list for PBXNativeTarget "RealmPracticeTests" */;
			buildPhases = (
				8F5C52D5F80013300C4FDFC7 /* [CP] Check Pods Manifest.lock */,
				C1A871CB217C67B1006B6E94 /* Sources */,
				C1A871CC217C67B1006B6E94 /* Frameworks */,
				C1A871CD217C67B1006B6E94 /* Resources */,
			);
			buildRules = (
			);
			dependencies = (
				C1A871D1217C67B1006B6E94 /* PBXTargetDependency */,
			);
			name = RealmPracticeTests;
			productName = RealmPracticeTests;
			productReference = C1A871CF217C67B1006B6E94 /* RealmPracticeTests.xctest */;
			productType = "com.apple.product-type.bundle.unit-test";
		};
		C1A871D9217C67B1006B6E94 /* RealmPracticeUITests */ = {
			isa = PBXNativeTarget;
			buildConfigurationList = C1A871E9217C67B1006B6E94 /* Build configuration list for PBXNativeTarget "RealmPracticeUITests" */;
			buildPhases = (
				3F3B935A928905283BB3778C /* [CP] Check Pods Manifest.lock */,
				C1A871D6217C67B1006B6E94 /* Sources */,
				C1A871D7217C67B1006B6E94 /* Frameworks */,
				C1A871D8217C67B1006B6E94 /* Resources */,
			);
			buildRules = (
			);
			dependencies = (
				C1A871DC217C67B1006B6E94 /* PBXTargetDependency */,
			);
			name = RealmPracticeUITests;
			productName = RealmPracticeUITests;
			productReference = C1A871DA217C67B1006B6E94 /* RealmPracticeUITests.xctest */;
			productType = "com.apple.product-type.bundle.ui-testing";
		};
/* End PBXNativeTarget section */

/* Begin PBXProject section */
		C1A871B3217C67AF006B6E94 /* Project object */ = {
			isa = PBXProject;
			attributes = {
				LastSwiftUpdateCheck = 1000;
				LastUpgradeCheck = 1000;
				ORGANIZATIONNAME = TakaoAtsushi;
				TargetAttributes = {
					C1A871BA217C67B0006B6E94 = {
						CreatedOnToolsVersion = 10.0;
					};
					C1A871CE217C67B1006B6E94 = {
						CreatedOnToolsVersion = 10.0;
						TestTargetID = C1A871BA217C67B0006B6E94;
					};
					C1A871D9217C67B1006B6E94 = {
						CreatedOnToolsVersion = 10.0;
						TestTargetID = C1A871BA217C67B0006B6E94;
					};
				};
			};
			buildConfigurationList = C1A871B6217C67AF006B6E94 /* Build configuration list for PBXProject "RealmPractice" */;
			compatibilityVersion = "Xcode 9.3";
			developmentRegion = en;
			hasScannedForEncodings = 0;
			knownRegions = (
				en,
				Base,
			);
			mainGroup = C1A871B2217C67AF006B6E94;
			productRefGroup = C1A871BC217C67B0006B6E94 /* Products */;
			projectDirPath = "";
			projectRoot = "";
			targets = (
				C1A871BA217C67B0006B6E94 /* RealmPractice */,
				C1A871CE217C67B1006B6E94 /* RealmPracticeTests */,
				C1A871D9217C67B1006B6E94 /* RealmPracticeUITests */,
			);
		};
/* End PBXProject section */

/* Begin PBXResourcesBuildPhase section */
		C1A871B9217C67B0006B6E94 /* Resources */ = {
			isa = PBXResourcesBuildPhase;
			buildActionMask = 2147483647;
			files = (
				C16160E9218C7E4600DD6A22 /* CustomMemoTableViewCell.xib in Resources */,
				C1A871C9217C67B1006B6E94 /* LaunchScreen.storyboard in Resources */,
				C1A871C6217C67B1006B6E94 /* Assets.xcassets in Resources */,
				C1A871C4217C67B0006B6E94 /* Main.storyboard in Resources */,
			);
			runOnlyForDeploymentPostprocessing = 0;
		};
		C1A871CD217C67B1006B6E94 /* Resources */ = {
			isa = PBXResourcesBuildPhase;
			buildActionMask = 2147483647;
			files = (
			);
			runOnlyForDeploymentPostprocessing = 0;
		};
		C1A871D8217C67B1006B6E94 /* Resources */ = {
			isa = PBXResourcesBuildPhase;
			buildActionMask = 2147483647;
			files = (
			);
			runOnlyForDeploymentPostprocessing = 0;
		};
/* End PBXResourcesBuildPhase section */

/* Begin PBXShellScriptBuildPhase section */
		3F3B935A928905283BB3778C /* [CP] Check Pods Manifest.lock */ = {
			isa = PBXShellScriptBuildPhase;
			buildActionMask = 2147483647;
			files = (
			);
			inputPaths = (
				"${PODS_PODFILE_DIR_PATH}/Podfile.lock",
				"${PODS_ROOT}/Manifest.lock",
			);
			name = "[CP] Check Pods Manifest.lock";
			outputPaths = (
				"$(DERIVED_FILE_DIR)/Pods-RealmPracticeUITests-checkManifestLockResult.txt",
			);
			runOnlyForDeploymentPostprocessing = 0;
			shellPath = /bin/sh;
			shellScript = "diff \"${PODS_PODFILE_DIR_PATH}/Podfile.lock\" \"${PODS_ROOT}/Manifest.lock\" > /dev/null\nif [ $? != 0 ] ; then\n    # print error to STDERR\n    echo \"error: The sandbox is not in sync with the Podfile.lock. Run 'pod install' or update your CocoaPods installation.\" >&2\n    exit 1\nfi\n# This output is used by Xcode 'outputs' to avoid re-running this script phase.\necho \"SUCCESS\" > \"${SCRIPT_OUTPUT_FILE_0}\"\n";
			showEnvVarsInLog = 0;
		};
		46B8BE55125C22FDEDAD7599 /* [CP] Check Pods Manifest.lock */ = {
			isa = PBXShellScriptBuildPhase;
			buildActionMask = 2147483647;
			files = (
			);
			inputPaths = (
				"${PODS_PODFILE_DIR_PATH}/Podfile.lock",
				"${PODS_ROOT}/Manifest.lock",
			);
			name = "[CP] Check Pods Manifest.lock";
			outputPaths = (
				"$(DERIVED_FILE_DIR)/Pods-RealmPractice-checkManifestLockResult.txt",
			);
			runOnlyForDeploymentPostprocessing = 0;
			shellPath = /bin/sh;
			shellScript = "diff \"${PODS_PODFILE_DIR_PATH}/Podfile.lock\" \"${PODS_ROOT}/Manifest.lock\" > /dev/null\nif [ $? != 0 ] ; then\n    # print error to STDERR\n    echo \"error: The sandbox is not in sync with the Podfile.lock. Run 'pod install' or update your CocoaPods installation.\" >&2\n    exit 1\nfi\n# This output is used by Xcode 'outputs' to avoid re-running this script phase.\necho \"SUCCESS\" > \"${SCRIPT_OUTPUT_FILE_0}\"\n";
			showEnvVarsInLog = 0;
		};
		8F5C52D5F80013300C4FDFC7 /* [CP] Check Pods Manifest.lock */ = {
			isa = PBXShellScriptBuildPhase;
			buildActionMask = 2147483647;
			files = (
			);
			inputPaths = (
				"${PODS_PODFILE_DIR_PATH}/Podfile.lock",
				"${PODS_ROOT}/Manifest.lock",
			);
			name = "[CP] Check Pods Manifest.lock";
			outputPaths = (
				"$(DERIVED_FILE_DIR)/Pods-RealmPracticeTests-checkManifestLockResult.txt",
			);
			runOnlyForDeploymentPostprocessing = 0;
			shellPath = /bin/sh;
			shellScript = "diff \"${PODS_PODFILE_DIR_PATH}/Podfile.lock\" \"${PODS_ROOT}/Manifest.lock\" > /dev/null\nif [ $? != 0 ] ; then\n    # print error to STDERR\n    echo \"error: The sandbox is not in sync with the Podfile.lock. Run 'pod install' or update your CocoaPods installation.\" >&2\n    exit 1\nfi\n# This output is used by Xcode 'outputs' to avoid re-running this script phase.\necho \"SUCCESS\" > \"${SCRIPT_OUTPUT_FILE_0}\"\n";
			showEnvVarsInLog = 0;
		};
		EB7D8D3B9AA4E5AFE176419D /* [CP] Embed Pods Frameworks */ = {
			isa = PBXShellScriptBuildPhase;
			buildActionMask = 2147483647;
			files = (
			);
			inputPaths = (
				"${SRCROOT}/Pods/Target Support Files/Pods-RealmPractice/Pods-RealmPractice-frameworks.sh",
				"${BUILT_PRODUCTS_DIR}/NYXImagesKit/NYXImagesKit.framework",
				"${BUILT_PRODUCTS_DIR}/Realm/Realm.framework",
				"${BUILT_PRODUCTS_DIR}/RealmSwift/RealmSwift.framework",
			);
			name = "[CP] Embed Pods Frameworks";
			outputPaths = (
				"${TARGET_BUILD_DIR}/${FRAMEWORKS_FOLDER_PATH}/NYXImagesKit.framework",
				"${TARGET_BUILD_DIR}/${FRAMEWORKS_FOLDER_PATH}/Realm.framework",
				"${TARGET_BUILD_DIR}/${FRAMEWORKS_FOLDER_PATH}/RealmSwift.framework",
			);
			runOnlyForDeploymentPostprocessing = 0;
			shellPath = /bin/sh;
			shellScript = "\"${SRCROOT}/Pods/Target Support Files/Pods-RealmPractice/Pods-RealmPractice-frameworks.sh\"\n";
			showEnvVarsInLog = 0;
		};
/* End PBXShellScriptBuildPhase section */

/* Begin PBXSourcesBuildPhase section */
		C1A871B7217C67B0006B6E94 /* Sources */ = {
			isa = PBXSourcesBuildPhase;
			buildActionMask = 2147483647;
			files = (
				C1A871EF217C713D006B6E94 /* AddMemoViewController.swift in Sources */,
				C16160E5218C7C8500DD6A22 /* CustomMemoListViewController.swift in Sources */,
				C1A871F3217C7528006B6E94 /* SingleMemo.swift in Sources */,
				C1A871C1217C67B0006B6E94 /* ViewController.swift in Sources */,
				C16160E8218C7E4600DD6A22 /* CustomMemoTableViewCell.swift in Sources */,
				C122342A217F043A00649359 /* CustomMemo.swift in Sources */,
				C1A871BF217C67B0006B6E94 /* AppDelegate.swift in Sources */,
			);
			runOnlyForDeploymentPostprocessing = 0;
		};
		C1A871CB217C67B1006B6E94 /* Sources */ = {
			isa = PBXSourcesBuildPhase;
			buildActionMask = 2147483647;
			files = (
				C1A871D4217C67B1006B6E94 /* RealmPracticeTests.swift in Sources */,
			);
			runOnlyForDeploymentPostprocessing = 0;
		};
		C1A871D6217C67B1006B6E94 /* Sources */ = {
			isa = PBXSourcesBuildPhase;
			buildActionMask = 2147483647;
			files = (
				C1A871DF217C67B1006B6E94 /* RealmPracticeUITests.swift in Sources */,
			);
			runOnlyForDeploymentPostprocessing = 0;
		};
/* End PBXSourcesBuildPhase section */

/* Begin PBXTargetDependency section */
		C1A871D1217C67B1006B6E94 /* PBXTargetDependency */ = {
			isa = PBXTargetDependency;
			target = C1A871BA217C67B0006B6E94 /* RealmPractice */;
			targetProxy = C1A871D0217C67B1006B6E94 /* PBXContainerItemProxy */;
		};
		C1A871DC217C67B1006B6E94 /* PBXTargetDependency */ = {
			isa = PBXTargetDependency;
			target = C1A871BA217C67B0006B6E94 /* RealmPractice */;
			targetProxy = C1A871DB217C67B1006B6E94 /* PBXContainerItemProxy */;
		};
/* End PBXTargetDependency section */

/* Begin PBXVariantGroup section */
		C1A871C2217C67B0006B6E94 /* Main.storyboard */ = {
			isa = PBXVariantGroup;
			children = (
				C1A871C3217C67B0006B6E94 /* Base */,
			);
			name = Main.storyboard;
			sourceTree = "<group>";
		};
		C1A871C7217C67B1006B6E94 /* LaunchScreen.storyboard */ = {
			isa = PBXVariantGroup;
			children = (
				C1A871C8217C67B1006B6E94 /* Base */,
			);
			name = LaunchScreen.storyboard;
			sourceTree = "<group>";
		};
/* End PBXVariantGroup section */

/* Begin XCBuildConfiguration section */
		C1A871E1217C67B1006B6E94 /* Debug */ = {
			isa = XCBuildConfiguration;
			buildSettings = {
				ALWAYS_SEARCH_USER_PATHS = NO;
				CLANG_ANALYZER_NONNULL = YES;
				CLANG_ANALYZER_NUMBER_OBJECT_CONVERSION = YES_AGGRESSIVE;
				CLANG_CXX_LANGUAGE_STANDARD = "gnu++14";
				CLANG_CXX_LIBRARY = "libc++";
				CLANG_ENABLE_MODULES = YES;
				CLANG_ENABLE_OBJC_ARC = YES;
				CLANG_ENABLE_OBJC_WEAK = YES;
				CLANG_WARN_BLOCK_CAPTURE_AUTORELEASING = YES;
				CLANG_WARN_BOOL_CONVERSION = YES;
				CLANG_WARN_COMMA = YES;
				CLANG_WARN_CONSTANT_CONVERSION = YES;
				CLANG_WARN_DEPRECATED_OBJC_IMPLEMENTATIONS = YES;
				CLANG_WARN_DIRECT_OBJC_ISA_USAGE = YES_ERROR;
				CLANG_WARN_DOCUMENTATION_COMMENTS = YES;
				CLANG_WARN_EMPTY_BODY = YES;
				CLANG_WARN_ENUM_CONVERSION = YES;
				CLANG_WARN_INFINITE_RECURSION = YES;
				CLANG_WARN_INT_CONVERSION = YES;
				CLANG_WARN_NON_LITERAL_NULL_CONVERSION = YES;
				CLANG_WARN_OBJC_IMPLICIT_RETAIN_SELF = YES;
				CLANG_WARN_OBJC_LITERAL_CONVERSION = YES;
				CLANG_WARN_OBJC_ROOT_CLASS = YES_ERROR;
				CLANG_WARN_RANGE_LOOP_ANALYSIS = YES;
				CLANG_WARN_STRICT_PROTOTYPES = YES;
				CLANG_WARN_SUSPICIOUS_MOVE = YES;
				CLANG_WARN_UNGUARDED_AVAILABILITY = YES_AGGRESSIVE;
				CLANG_WARN_UNREACHABLE_CODE = YES;
				CLANG_WARN__DUPLICATE_METHOD_MATCH = YES;
				CODE_SIGN_IDENTITY = "iPhone Developer";
				COPY_PHASE_STRIP = NO;
				DEBUG_INFORMATION_FORMAT = dwarf;
				ENABLE_STRICT_OBJC_MSGSEND = YES;
				ENABLE_TESTABILITY = YES;
				GCC_C_LANGUAGE_STANDARD = gnu11;
				GCC_DYNAMIC_NO_PIC = NO;
				GCC_NO_COMMON_BLOCKS = YES;
				GCC_OPTIMIZATION_LEVEL = 0;
				GCC_PREPROCESSOR_DEFINITIONS = (
					"DEBUG=1",
					"$(inherited)",
				);
				GCC_WARN_64_TO_32_BIT_CONVERSION = YES;
				GCC_WARN_ABOUT_RETURN_TYPE = YES_ERROR;
				GCC_WARN_UNDECLARED_SELECTOR = YES;
				GCC_WARN_UNINITIALIZED_AUTOS = YES_AGGRESSIVE;
				GCC_WARN_UNUSED_FUNCTION = YES;
				GCC_WARN_UNUSED_VARIABLE = YES;
				IPHONEOS_DEPLOYMENT_TARGET = 12.0;
				MTL_ENABLE_DEBUG_INFO = INCLUDE_SOURCE;
				MTL_FAST_MATH = YES;
				ONLY_ACTIVE_ARCH = YES;
				SDKROOT = iphoneos;
				SWIFT_ACTIVE_COMPILATION_CONDITIONS = DEBUG;
				SWIFT_OPTIMIZATION_LEVEL = "-Onone";
			};
			name = Debug;
		};
		C1A871E2217C67B1006B6E94 /* Release */ = {
			isa = XCBuildConfiguration;
			buildSettings = {
				ALWAYS_SEARCH_USER_PATHS = NO;
				CLANG_ANALYZER_NONNULL = YES;
				CLANG_ANALYZER_NUMBER_OBJECT_CONVERSION = YES_AGGRESSIVE;
				CLANG_CXX_LANGUAGE_STANDARD = "gnu++14";
				CLANG_CXX_LIBRARY = "libc++";
				CLANG_ENABLE_MODULES = YES;
				CLANG_ENABLE_OBJC_ARC = YES;
				CLANG_ENABLE_OBJC_WEAK = YES;
				CLANG_WARN_BLOCK_CAPTURE_AUTORELEASING = YES;
				CLANG_WARN_BOOL_CONVERSION = YES;
				CLANG_WARN_COMMA = YES;
				CLANG_WARN_CONSTANT_CONVERSION = YES;
				CLANG_WARN_DEPRECATED_OBJC_IMPLEMENTATIONS = YES;
				CLANG_WARN_DIRECT_OBJC_ISA_USAGE = YES_ERROR;
				CLANG_WARN_DOCUMENTATION_COMMENTS = YES;
				CLANG_WARN_EMPTY_BODY = YES;
				CLANG_WARN_ENUM_CONVERSION = YES;
				CLANG_WARN_INFINITE_RECURSION = YES;
				CLANG_WARN_INT_CONVERSION = YES;
				CLANG_WARN_NON_LITERAL_NULL_CONVERSION = YES;
				CLANG_WARN_OBJC_IMPLICIT_RETAIN_SELF = YES;
				CLANG_WARN_OBJC_LITERAL_CONVERSION = YES;
				CLANG_WARN_OBJC_ROOT_CLASS = YES_ERROR;
				CLANG_WARN_RANGE_LOOP_ANALYSIS = YES;
				CLANG_WARN_STRICT_PROTOTYPES = YES;
				CLANG_WARN_SUSPICIOUS_MOVE = YES;
				CLANG_WARN_UNGUARDED_AVAILABILITY = YES_AGGRESSIVE;
				CLANG_WARN_UNREACHABLE_CODE = YES;
				CLANG_WARN__DUPLICATE_METHOD_MATCH = YES;
				CODE_SIGN_IDENTITY = "iPhone Developer";
				COPY_PHASE_STRIP = NO;
				DEBUG_INFORMATION_FORMAT = "dwarf-with-dsym";
				ENABLE_NS_ASSERTIONS = NO;
				ENABLE_STRICT_OBJC_MSGSEND = YES;
				GCC_C_LANGUAGE_STANDARD = gnu11;
				GCC_NO_COMMON_BLOCKS = YES;
				GCC_WARN_64_TO_32_BIT_CONVERSION = YES;
				GCC_WARN_ABOUT_RETURN_TYPE = YES_ERROR;
				GCC_WARN_UNDECLARED_SELECTOR = YES;
				GCC_WARN_UNINITIALIZED_AUTOS = YES_AGGRESSIVE;
				GCC_WARN_UNUSED_FUNCTION = YES;
				GCC_WARN_UNUSED_VARIABLE = YES;
				IPHONEOS_DEPLOYMENT_TARGET = 12.0;
				MTL_ENABLE_DEBUG_INFO = NO;
				MTL_FAST_MATH = YES;
				SDKROOT = iphoneos;
				SWIFT_COMPILATION_MODE = wholemodule;
				SWIFT_OPTIMIZATION_LEVEL = "-O";
				VALIDATE_PRODUCT = YES;
			};
			name = Release;
		};
		C1A871E4217C67B1006B6E94 /* Debug */ = {
			isa = XCBuildConfiguration;
			baseConfigurationReference = F863BD23A6C7CF3C0A5C9C67 /* Pods-RealmPractice.debug.xcconfig */;
			buildSettings = {
				ASSETCATALOG_COMPILER_APPICON_NAME = AppIcon;
				CODE_SIGN_STYLE = Automatic;
				DEVELOPMENT_TEAM = 3E76788VZ5;
				INFOPLIST_FILE = RealmPractice/Info.plist;
				LD_RUNPATH_SEARCH_PATHS = "$(inherited) @executable_path/Frameworks";
				PRODUCT_BUNDLE_IDENTIFIER = com.TakaoAtsushi.RealmPractice;
				PRODUCT_NAME = "$(TARGET_NAME)";
				SWIFT_VERSION = 4.2;
				TARGETED_DEVICE_FAMILY = "1,2";
			};
			name = Debug;
		};
		C1A871E5217C67B1006B6E94 /* Release */ = {
			isa = XCBuildConfiguration;
			baseConfigurationReference = 6B3AFC3917D3635EC05AF2F1 /* Pods-RealmPractice.release.xcconfig */;
			buildSettings = {
				ASSETCATALOG_COMPILER_APPICON_NAME = AppIcon;
				CODE_SIGN_STYLE = Automatic;
				DEVELOPMENT_TEAM = 3E76788VZ5;
				INFOPLIST_FILE = RealmPractice/Info.plist;
				LD_RUNPATH_SEARCH_PATHS = "$(inherited) @executable_path/Frameworks";
				PRODUCT_BUNDLE_IDENTIFIER = com.TakaoAtsushi.RealmPractice;
				PRODUCT_NAME = "$(TARGET_NAME)";
				SWIFT_VERSION = 4.2;
				TARGETED_DEVICE_FAMILY = "1,2";
			};
			name = Release;
		};
		C1A871E7217C67B1006B6E94 /* Debug */ = {
			isa = XCBuildConfiguration;
			baseConfigurationReference = 465ADCEC7267D11490C3FB4F /* Pods-RealmPracticeTests.debug.xcconfig */;
			buildSettings = {
				ALWAYS_EMBED_SWIFT_STANDARD_LIBRARIES = YES;
				BUNDLE_LOADER = "$(TEST_HOST)";
				CODE_SIGN_STYLE = Automatic;
				DEVELOPMENT_TEAM = 3E76788VZ5;
				INFOPLIST_FILE = RealmPracticeTests/Info.plist;
				LD_RUNPATH_SEARCH_PATHS = "$(inherited) @executable_path/Frameworks @loader_path/Frameworks";
				PRODUCT_BUNDLE_IDENTIFIER = com.TakaoAtsushi.RealmPracticeTests;
				PRODUCT_NAME = "$(TARGET_NAME)";
				SWIFT_VERSION = 4.2;
				TARGETED_DEVICE_FAMILY = "1,2";
				TEST_HOST = "$(BUILT_PRODUCTS_DIR)/RealmPractice.app/RealmPractice";
			};
			name = Debug;
		};
		C1A871E8217C67B1006B6E94 /* Release */ = {
			isa = XCBuildConfiguration;
			baseConfigurationReference = 92B7B337D420275222212C22 /* Pods-RealmPracticeTests.release.xcconfig */;
			buildSettings = {
				ALWAYS_EMBED_SWIFT_STANDARD_LIBRARIES = YES;
				BUNDLE_LOADER = "$(TEST_HOST)";
				CODE_SIGN_STYLE = Automatic;
				DEVELOPMENT_TEAM = 3E76788VZ5;
				INFOPLIST_FILE = RealmPracticeTests/Info.plist;
				LD_RUNPATH_SEARCH_PATHS = "$(inherited) @executable_path/Frameworks @loader_path/Frameworks";
				PRODUCT_BUNDLE_IDENTIFIER = com.TakaoAtsushi.RealmPracticeTests;
				PRODUCT_NAME = "$(TARGET_NAME)";
				SWIFT_VERSION = 4.2;
				TARGETED_DEVICE_FAMILY = "1,2";
				TEST_HOST = "$(BUILT_PRODUCTS_DIR)/RealmPractice.app/RealmPractice";
			};
			name = Release;
		};
		C1A871EA217C67B1006B6E94 /* Debug */ = {
			isa = XCBuildConfiguration;
			baseConfigurationReference = 9712B5A8AF82BD6887737037 /* Pods-RealmPracticeUITests.debug.xcconfig */;
			buildSettings = {
				ALWAYS_EMBED_SWIFT_STANDARD_LIBRARIES = YES;
				CODE_SIGN_STYLE = Automatic;
				DEVELOPMENT_TEAM = 3E76788VZ5;
				INFOPLIST_FILE = RealmPracticeUITests/Info.plist;
				LD_RUNPATH_SEARCH_PATHS = "$(inherited) @executable_path/Frameworks @loader_path/Frameworks";
				PRODUCT_BUNDLE_IDENTIFIER = com.TakaoAtsushi.RealmPracticeUITests;
				PRODUCT_NAME = "$(TARGET_NAME)";
				SWIFT_VERSION = 4.2;
				TARGETED_DEVICE_FAMILY = "1,2";
				TEST_TARGET_NAME = RealmPractice;
			};
			name = Debug;
		};
		C1A871EB217C67B1006B6E94 /* Release */ = {
			isa = XCBuildConfiguration;
			baseConfigurationReference = 538C332976BB4CBE6EBFA3CD /* Pods-RealmPracticeUITests.release.xcconfig */;
			buildSettings = {
				ALWAYS_EMBED_SWIFT_STANDARD_LIBRARIES = YES;
				CODE_SIGN_STYLE = Automatic;
				DEVELOPMENT_TEAM = 3E76788VZ5;
				INFOPLIST_FILE = RealmPracticeUITests/Info.plist;
				LD_RUNPATH_SEARCH_PATHS = "$(inherited) @executable_path/Frameworks @loader_path/Frameworks";
				PRODUCT_BUNDLE_IDENTIFIER = com.TakaoAtsushi.RealmPracticeUITests;
				PRODUCT_NAME = "$(TARGET_NAME)";
				SWIFT_VERSION = 4.2;
				TARGETED_DEVICE_FAMILY = "1,2";
				TEST_TARGET_NAME = RealmPractice;
			};
			name = Release;
		};
/* End XCBuildConfiguration section */

/* Begin XCConfigurationList section */
		C1A871B6217C67AF006B6E94 /* Build configuration list for PBXProject "RealmPractice" */ = {
			isa = XCConfigurationList;
			buildConfigurations = (
				C1A871E1217C67B1006B6E94 /* Debug */,
				C1A871E2217C67B1006B6E94 /* Release */,
			);
			defaultConfigurationIsVisible = 0;
			defaultConfigurationName = Release;
		};
		C1A871E3217C67B1006B6E94 /* Build configuration list for PBXNativeTarget "RealmPractice" */ = {
			isa = XCConfigurationList;
			buildConfigurations = (
				C1A871E4217C67B1006B6E94 /* Debug */,
				C1A871E5217C67B1006B6E94 /* Release */,
			);
			defaultConfigurationIsVisible = 0;
			defaultConfigurationName = Release;
		};
		C1A871E6217C67B1006B6E94 /* Build configuration list for PBXNativeTarget "RealmPracticeTests" */ = {
			isa = XCConfigurationList;
			buildConfigurations = (
				C1A871E7217C67B1006B6E94 /* Debug */,
				C1A871E8217C67B1006B6E94 /* Release */,
			);
			defaultConfigurationIsVisible = 0;
			defaultConfigurationName = Release;
		};
		C1A871E9217C67B1006B6E94 /* Build configuration list for PBXNativeTarget "RealmPracticeUITests" */ = {
			isa = XCConfigurationList;
			buildConfigurations = (
				C1A871EA217C67B1006B6E94 /* Debug */,
				C1A871EB217C67B1006B6E94 /* Release */,
			);
			defaultConfigurationIsVisible = 0;
			defaultConfigurationName = Release;
		};
/* End XCConfigurationList section */
	};
	rootObject = C1A871B3217C67AF006B6E94 /* Project object */;
}
